<?xml version="1.0" encoding="utf-8"?>
<Project ToolsVersion="4.0" xmlns="http://schemas.microsoft.com/developer/msbuild/2003">
  <ItemGroup>
    <Filter Include="Source Files">
      <UniqueIdentifier>{b4a5fabf-dd9b-4fa5-b894-3344129828cb}</UniqueIdentifier>
      <Extensions>cpp;c;cxx;rc;def;r;odl;idl;hpj;bat</Extensions>
    </Filter>
    <Filter Include="Header Files">
      <UniqueIdentifier>{694acb0b-fa48-4504-9fc8-d6eb3f547587}</UniqueIdentifier>
      <Extensions>h;hpp;hxx;hm;inl</Extensions>
    </Filter>
    <Filter Include="Resource Files">
      <UniqueIdentifier>{809d35c6-a5c9-47f7-bc65-f60272fe5a60}</UniqueIdentifier>
      <Extensions>ico;cur;bmp;dlg;rc2;rct;bin;rgs;gif;jpg;jpeg;jpe</Extensions>
    </Filter>
  </ItemGroup>
  <ItemGroup>
    <ResourceCompile Include="..\ATTPCUtil.rc">
      <Filter>Resource Files</Filter>
    </ResourceCompile>
  </ItemGroup>
  <ItemGroup>
    <Library Include="..\..\XOPSupport\IGOR.lib" />
    <Library Include="..\..\XOPSupport\IGOR64.lib" />
    <Library Include="..\..\XOPSupport\VC\XOPSupport.lib" />
    <Library Include="..\..\XOPSupport\VC\XOPSupport64.lib" />
  </ItemGroup>
  <ItemGroup>
    <ClCompile Include="..\ATTPCUtil.cpp">
      <Filter>Source Files</Filter>
    </ClCompile>
  </ItemGroup>
</Project>