// !$*UTF8*$!
{
	archiveVersion = 1;
	classes = {
	};
	objectVersion = 46;
	objects = {

/* Begin PBXBuildFile section */
		892B4CFD1986E0B90092D00C /* ATTPCUtil_Prefix.pch in Headers */ = {isa = PBXBuildFile; fileRef = 32BAE0B30371A71500C91783 /* ATTPCUtil_Prefix.pch */; };
		892B4CFE1986E0B90092D00C /* ATTPCUtil.h in Headers */ = {isa = PBXBuildFile; fileRef = 89A72AFA10904B0B003AE340 /* ATTPCUtil.h */; };
		892B4D001986E0B90092D00C /* InfoPlist.strings in Resources */ = {isa = PBXBuildFile; fileRef = 089C167DFE841241C02AAC07 /* InfoPlist.strings */; };
		892B4D021986E0B90092D00C /* ATTPCUtil.cpp in Sources */ = {isa = PBXBuildFile; fileRef = AAB6C1150588037500D4AD2E /* ATTPCUtil.cpp */; };
		892B4D041986E0B90092D00C /* Carbon.framework in Frameworks */ = {isa = PBXBuildFile; fileRef = 08EA7FFBFE8413EDC02AAC07 /* Carbon.framework */; };
		892B4D061986E0B90092D00C /* AudioToolbox.framework in Frameworks */ = {isa = PBXBuildFile; fileRef = 892B4CF91986E08F0092D00C /* AudioToolbox.framework */; };
		892B4D081986E0B90092D00C /* ATTPCUtil.r in Rez */ = {isa = PBXBuildFile; fileRef = AAB6C1160588037500D4AD2E /* ATTPCUtil.r */; };
		892B4D111986E1360092D00C /* libXOPSupport64.a in Frameworks */ = {isa = PBXBuildFile; fileRef = 892B4D101986E1360092D00C /* libXOPSupport64.a */; };
		8948C28B1C330FE20022A6A1 /* Cocoa.framework in Frameworks */ = {isa = PBXBuildFile; fileRef = 8948C2891C330FE20022A6A1 /* Cocoa.framework */; };
/* End PBXBuildFile section */

/* Begin PBXCopyFilesBuildPhase section */
		892B4D091986E0B90092D00C /* CopyFiles */ = {
			isa = PBXCopyFilesBuildPhase;
			buildActionMask = 2147483647;
			dstPath = Contents;
			dstSubfolderSpec = 1;
			files = (
			);
			runOnlyForDeploymentPostprocessing = 0;
		};
/* End PBXCopyFilesBuildPhase section */

/* Begin PBXFileReference section */
		089C167EFE841241C02AAC07 /* English */ = {isa = PBXFileReference; fileEncoding = 10; lastKnownFileType = text.plist.strings; name = English; path = English.lproj/InfoPlist.strings; sourceTree = "<group>"; };
		08EA7FFBFE8413EDC02AAC07 /* Carbon.framework */ = {isa = PBXFileReference; lastKnownFileType = wrapper.framework; name = Carbon.framework; path = /System/Library/Frameworks/Carbon.framework; sourceTree = "<absolute>"; };
		32BAE0B30371A71500C91783 /* ATTPCUtil_Prefix.pch */ = {isa = PBXFileReference; fileEncoding = 4; lastKnownFileType = sourcecode.c.h; path = ATTPCUtil_Prefix.pch; sourceTree = "<group>"; };
		892B4CF91986E08F0092D00C /* AudioToolbox.framework */ = {isa = PBXFileReference; lastKnownFileType = wrapper.framework; name = AudioToolbox.framework; path = /System/Library/Frameworks/AudioToolbox.framework; sourceTree = "<absolute>"; };
		892B4D0E1986E0B90092D00C /* ATTPCUtil-64.xop */ = {isa = PBXFileReference; explicitFileType = wrapper.cfbundle; includeInIndex = 0; path = "ATTPCUtil-64.xop"; sourceTree = BUILT_PRODUCTS_DIR; };
		892B4D101986E1360092D00C /* libXOPSupport64.a */ = {isa = PBXFileReference; lastKnownFileType = archive.ar; name = libXOPSupport64.a; path = ../../XOPSupport/Xcode/libXOPSupport64.a; sourceTree = SOURCE_ROOT; };
		892B4D121986E1520092D00C /* Info64.plist */ = {isa = PBXFileReference; lastKnownFileType = text.plist.xml; path = Info64.plist; sourceTree = SOURCE_ROOT; };
		8948C2891C330FE20022A6A1 /* Cocoa.framework */ = {isa = PBXFileReference; lastKnownFileType = wrapper.framework; name = Cocoa.framework; path = /Work/XOPDev/IgorXOPs7/ATTPCUtil/Xcode/../../../../../System/Library/Frameworks/Cocoa.framework; sourceTree = "<absolute>"; };
		89A72AFA10904B0B003AE340 /* ATTPCUtil.h */ = {isa = PBXFileReference; fileEncoding = 4; lastKnownFileType = sourcecode.c.h; name = ATTPCUtil.h; path = ../ATTPCUtil.h; sourceTree = SOURCE_ROOT; };
		89AF3BB51E59484100FCA86A /* ATTPCUtil.rc */ = {isa = PBXFileReference; lastKnownFileType = text; name = ATTPCUtil.rc; path = ../ATTPCUtil.rc; sourceTree = "<group>"; };
		89AF3BB61E59484100FCA86A /* ATTPCUtilWinCustom.rc */ = {isa = PBXFileReference; lastKnownFileType = text; name = ATTPCUtilWinCustom.rc; path = ../ATTPCUtilWinCustom.rc; sourceTree = "<group>"; };
		AAB6C1150588037500D4AD2E /* ATTPCUtil.cpp */ = {isa = PBXFileReference; fileEncoding = 4; lastKnownFileType = sourcecode.cpp.cpp; name = ATTPCUtil.cpp; path = ../ATTPCUtil.cpp; sourceTree = SOURCE_ROOT; };
		AAB6C1160588037500D4AD2E /* ATTPCUtil.r */ = {isa = PBXFileReference; fileEncoding = 30; lastKnownFileType = sourcecode.rez; name = ATTPCUtil.r; path = ../ATTPCUtil.r; sourceTree = SOURCE_ROOT; };
/* End PBXFileReference section */

/* Begin PBXFrameworksBuildPhase section */
		892B4D031986E0B90092D00C /* Frameworks */ = {
			isa = PBXFrameworksBuildPhase;
			buildActionMask = 2147483647;
			files = (
				8948C28B1C330FE20022A6A1 /* Cocoa.framework in Frameworks */,
				892B4D041986E0B90092D00C /* Carbon.framework in Frameworks */,
				892B4D111986E1360092D00C /* libXOPSupport64.a in Frameworks */,
				892B4D061986E0B90092D00C /* AudioToolbox.framework in Frameworks */,
			);
			runOnlyForDeploymentPostprocessing = 0;
		};
/* End PBXFrameworksBuildPhase section */

/* Begin PBXGroup section */
		089C166AFE841209C02AAC07 /* ATTPCUtil */ = {
			isa = PBXGroup;
			children = (
				08FB77ADFE841716C02AAC07 /* Source */,
				089C167CFE841241C02AAC07 /* Resources */,
				089C1671FE841209C02AAC07 /* External Frameworks and Libraries */,
				19C28FB4FE9D528D11CA2CBB /* Products */,
			);
			name = ATTPCUtil;
			sourceTree = "<group>";
		};
		089C1671FE841209C02AAC07 /* External Frameworks and Libraries */ = {
			isa = PBXGroup;
			children = (
				8948C2891C330FE20022A6A1 /* Cocoa.framework */,
				08EA7FFBFE8413EDC02AAC07 /* Carbon.framework */,
				892B4CF91986E08F0092D00C /* AudioToolbox.framework */,
				892B4D101986E1360092D00C /* libXOPSupport64.a */,
			);
			name = "External Frameworks and Libraries";
			sourceTree = "<group>";
		};
		089C167CFE841241C02AAC07 /* Resources */ = {
			isa = PBXGroup;
			children = (
				AAB6C1160588037500D4AD2E /* ATTPCUtil.r */,
				89AF3BB51E59484100FCA86A /* ATTPCUtil.rc */,
				89AF3BB61E59484100FCA86A /* ATTPCUtilWinCustom.rc */,
				892B4D121986E1520092D00C /* Info64.plist */,
				089C167DFE841241C02AAC07 /* InfoPlist.strings */,
			);
			name = Resources;
			sourceTree = "<group>";
		};
		08FB77ADFE841716C02AAC07 /* Source */ = {
			isa = PBXGroup;
			children = (
				32BAE0B30371A71500C91783 /* ATTPCUtil_Prefix.pch */,
				89A72AFA10904B0B003AE340 /* ATTPCUtil.h */,
				AAB6C1150588037500D4AD2E /* ATTPCUtil.cpp */,
			);
			name = Source;
			sourceTree = "<group>";
		};
		19C28FB4FE9D528D11CA2CBB /* Products */ = {
			isa = PBXGroup;
			children = (
				892B4D0E1986E0B90092D00C /* ATTPCUtil-64.xop */,
			);
			name = Products;
			sourceTree = "<group>";
		};
/* End PBXGroup section */

/* Begin PBXHeadersBuildPhase section */
		892B4CFC1986E0B90092D00C /* Headers */ = {
			isa = PBXHeadersBuildPhase;
			buildActionMask = 2147483647;
			files = (
				892B4CFD1986E0B90092D00C /* ATTPCUtil_Prefix.pch in Headers */,
				892B4CFE1986E0B90092D00C /* ATTPCUtil.h in Headers */,
			);
			runOnlyForDeploymentPostprocessing = 0;
		};
/* End PBXHeadersBuildPhase section */

/* Begin PBXNativeTarget section */
		892B4CFB1986E0B90092D00C /* ATTPCUtil-64 */ = {
			isa = PBXNativeTarget;
			buildConfigurationList = 892B4D0A1986E0B90092D00C /* Build configuration list for PBXNativeTarget "ATTPCUtil-64" */;
			buildPhases = (
				892B4CFC1986E0B90092D00C /* Headers */,
				892B4CFF1986E0B90092D00C /* Resources */,
				892B4D011986E0B90092D00C /* Sources */,
				892B4D031986E0B90092D00C /* Frameworks */,
				892B4D071986E0B90092D00C /* Rez */,
				892B4D091986E0B90092D00C /* CopyFiles */,
			);
			buildRules = (
			);
			dependencies = (
			);
			name = "ATTPCUtil-64";
			productInstallPath = "$(HOME)/Library/Bundles";
			productName = ATTPCUtil;
			productReference = 892B4D0E1986E0B90092D00C /* ATTPCUtil-64.xop */;
			productType = "com.apple.product-type.bundle";
		};
/* End PBXNativeTarget section */

/* Begin PBXProject section */
		089C1669FE841209C02AAC07 /* Project object */ = {
			isa = PBXProject;
			attributes = {
				LastUpgradeCheck = 1000;
			};
			buildConfigurationList = 89155228093FB1640062870E /* Build configuration list for PBXProject "ATTPCUtil" */;
			compatibilityVersion = "Xcode 3.2";
			developmentRegion = English;
			hasScannedForEncodings = 1;
			knownRegions = (
				English,
				en,
			);
			mainGroup = 089C166AFE841209C02AAC07 /* ATTPCUtil */;
			projectDirPath = "";
			projectRoot = "";
			targets = (
				892B4CFB1986E0B90092D00C /* ATTPCUtil-64 */,
			);
		};
/* End PBXProject section */

/* Begin PBXResourcesBuildPhase section */
		892B4CFF1986E0B90092D00C /* Resources */ = {
			isa = PBXResourcesBuildPhase;
			buildActionMask = 2147483647;
			files = (
				892B4D001986E0B90092D00C /* InfoPlist.strings in Resources */,
			);
			runOnlyForDeploymentPostprocessing = 0;
		};
/* End PBXResourcesBuildPhase section */

/* Begin PBXRezBuildPhase section */
		892B4D071986E0B90092D00C /* Rez */ = {
			isa = PBXRezBuildPhase;
			buildActionMask = 2147483647;
			files = (
				892B4D081986E0B90092D00C /* ATTPCUtil.r in Rez */,
			);
			runOnlyForDeploymentPostprocessing = 0;
		};
/* End PBXRezBuildPhase section */

/* Begin PBXSourcesBuildPhase section */
		892B4D011986E0B90092D00C /* Sources */ = {
			isa = PBXSourcesBuildPhase;
			buildActionMask = 2147483647;
			files = (
				892B4D021986E0B90092D00C /* ATTPCUtil.cpp in Sources */,
			);
			runOnlyForDeploymentPostprocessing = 0;
		};
/* End PBXSourcesBuildPhase section */

/* Begin PBXVariantGroup section */
		089C167DFE841241C02AAC07 /* InfoPlist.strings */ = {
			isa = PBXVariantGroup;
			children = (
				089C167EFE841241C02AAC07 /* English */,
			);
			name = InfoPlist.strings;
			sourceTree = "<group>";
		};
/* End PBXVariantGroup section */

/* Begin XCBuildConfiguration section */
		89155229093FB1640062870E /* Debug */ = {
			isa = XCBuildConfiguration;
			buildSettings = {
				ALWAYS_SEARCH_USER_PATHS = NO;
				CLANG_WARN_BLOCK_CAPTURE_AUTORELEASING = YES;
				CLANG_WARN_BOOL_CONVERSION = YES;
				CLANG_WARN_COMMA = YES;
				CLANG_WARN_CONSTANT_CONVERSION = YES;
				CLANG_WARN_DEPRECATED_OBJC_IMPLEMENTATIONS = YES;
				CLANG_WARN_EMPTY_BODY = YES;
				CLANG_WARN_ENUM_CONVERSION = YES;
				CLANG_WARN_INFINITE_RECURSION = YES;
				CLANG_WARN_INT_CONVERSION = YES;
				CLANG_WARN_NON_LITERAL_NULL_CONVERSION = YES;
				CLANG_WARN_OBJC_IMPLICIT_RETAIN_SELF = YES;
				CLANG_WARN_OBJC_LITERAL_CONVERSION = YES;
				CLANG_WARN_RANGE_LOOP_ANALYSIS = YES;
				CLANG_WARN_STRICT_PROTOTYPES = YES;
				CLANG_WARN_SUSPICIOUS_MOVE = YES;
				CLANG_WARN_UNREACHABLE_CODE = YES;
				CLANG_WARN__DUPLICATE_METHOD_MATCH = YES;
				ENABLE_STRICT_OBJC_MSGSEND = YES;
				ENABLE_TESTABILITY = YES;
				GCC_NO_COMMON_BLOCKS = YES;
				GCC_VERSION = "";
				GCC_WARN_64_TO_32_BIT_CONVERSION = YES;
				GCC_WARN_ABOUT_RETURN_TYPE = YES;
				GCC_WARN_UNDECLARED_SELECTOR = YES;
				GCC_WARN_UNINITIALIZED_AUTOS = YES;
				GCC_WARN_UNUSED_FUNCTION = YES;
				GCC_WARN_UNUSED_VARIABLE = YES;
				MACOSX_DEPLOYMENT_TARGET = 10.11;
				ONLY_ACTIVE_ARCH = YES;
				SDKROOT = macosx;
				WARNING_CFLAGS = "-Wno-parentheses";
			};
			name = Debug;
		};
		8915522A093FB1640062870E /* Release */ = {
			isa = XCBuildConfiguration;
			buildSettings = {
				ALWAYS_SEARCH_USER_PATHS = NO;
				CLANG_WARN_BLOCK_CAPTURE_AUTORELEASING = YES;
				CLANG_WARN_BOOL_CONVERSION = YES;
				CLANG_WARN_COMMA = YES;
				CLANG_WARN_CONSTANT_CONVERSION = YES;
				CLANG_WARN_DEPRECATED_OBJC_IMPLEMENTATIONS = YES;
				CLANG_WARN_EMPTY_BODY = YES;
				CLANG_WARN_ENUM_CONVERSION = YES;
				CLANG_WARN_INFINITE_RECURSION = YES;
				CLANG_WARN_INT_CONVERSION = YES;
				CLANG_WARN_NON_LITERAL_NULL_CONVERSION = YES;
				CLANG_WARN_OBJC_IMPLICIT_RETAIN_SELF = YES;
				CLANG_WARN_OBJC_LITERAL_CONVERSION = YES;
				CLANG_WARN_RANGE_LOOP_ANALYSIS = YES;
				CLANG_WARN_STRICT_PROTOTYPES = YES;
				CLANG_WARN_SUSPICIOUS_MOVE = YES;
				CLANG_WARN_UNREACHABLE_CODE = YES;
				CLANG_WARN__DUPLICATE_METHOD_MATCH = YES;
				ENABLE_STRICT_OBJC_MSGSEND = YES;
				GCC_NO_COMMON_BLOCKS = YES;
				GCC_VERSION = "";
				GCC_WARN_64_TO_32_BIT_CONVERSION = YES;
				GCC_WARN_ABOUT_RETURN_TYPE = YES;
				GCC_WARN_UNDECLARED_SELECTOR = YES;
				GCC_WARN_UNINITIALIZED_AUTOS = YES;
				GCC_WARN_UNUSED_FUNCTION = YES;
				GCC_WARN_UNUSED_VARIABLE = YES;
				MACOSX_DEPLOYMENT_TARGET = 10.11;
				SDKROOT = macosx;
				WARNING_CFLAGS = "-Wno-parentheses";
			};
			name = Release;
		};
		8915522B093FB1640062870E /* Default */ = {
			isa = XCBuildConfiguration;
			buildSettings = {
				ALWAYS_SEARCH_USER_PATHS = NO;
				CLANG_WARN_BLOCK_CAPTURE_AUTORELEASING = YES;
				CLANG_WARN_BOOL_CONVERSION = YES;
				CLANG_WARN_COMMA = YES;
				CLANG_WARN_CONSTANT_CONVERSION = YES;
				CLANG_WARN_DEPRECATED_OBJC_IMPLEMENTATIONS = YES;
				CLANG_WARN_EMPTY_BODY = YES;
				CLANG_WARN_ENUM_CONVERSION = YES;
				CLANG_WARN_INFINITE_RECURSION = YES;
				CLANG_WARN_INT_CONVERSION = YES;
				CLANG_WARN_NON_LITERAL_NULL_CONVERSION = YES;
				CLANG_WARN_OBJC_IMPLICIT_RETAIN_SELF = YES;
				CLANG_WARN_OBJC_LITERAL_CONVERSION = YES;
				CLANG_WARN_RANGE_LOOP_ANALYSIS = YES;
				CLANG_WARN_STRICT_PROTOTYPES = YES;
				CLANG_WARN_SUSPICIOUS_MOVE = YES;
				CLANG_WARN_UNREACHABLE_CODE = YES;
				CLANG_WARN__DUPLICATE_METHOD_MATCH = YES;
				ENABLE_STRICT_OBJC_MSGSEND = YES;
				GCC_NO_COMMON_BLOCKS = YES;
				GCC_VERSION = "";
				GCC_WARN_64_TO_32_BIT_CONVERSION = YES;
				GCC_WARN_ABOUT_RETURN_TYPE = YES;
				GCC_WARN_UNDECLARED_SELECTOR = YES;
				GCC_WARN_UNINITIALIZED_AUTOS = YES;
				GCC_WARN_UNUSED_FUNCTION = YES;
				GCC_WARN_UNUSED_VARIABLE = YES;
				MACOSX_DEPLOYMENT_TARGET = 10.11;
				SDKROOT = macosx;
				WARNING_CFLAGS = "-Wno-parentheses";
			};
			name = Default;
		};
		892B4D0B1986E0B90092D00C /* Debug */ = {
			isa = XCBuildConfiguration;
			buildSettings = {
				ARCHS = x86_64;
				CLANG_ENABLE_OBJC_WEAK = YES;
				COMBINE_HIDPI_IMAGES = YES;
				COPY_PHASE_STRIP = NO;
				DEBUGGING_SYMBOLS = YES;
				EXPORTED_SYMBOLS_FILE = ./Exports.exp;
				FRAMEWORK_SEARCH_PATHS = "";
				GCC_DYNAMIC_NO_PIC = NO;
				GCC_ENABLE_TRIGRAPHS = NO;
				GCC_GENERATE_DEBUGGING_SYMBOLS = YES;
				GCC_OPTIMIZATION_LEVEL = 0;
				GCC_PRECOMPILE_PREFIX_HEADER = YES;
				GCC_PREFIX_HEADER = ATTPCUtil_Prefix.pch;
				GCC_WARN_ABOUT_DEPRECATED_FUNCTIONS = NO;
				GCC_WARN_ABOUT_MISSING_PROTOTYPES = NO;
				GCC_WARN_FOUR_CHARACTER_CONSTANTS = NO;
				GCC_WARN_UNKNOWN_PRAGMAS = NO;
				GENERATE_PKGINFO = YES;
				HEADER_SEARCH_PATHS = ../../XOPSupport;
				INFOPLIST_FILE = Info64.plist;
				INSTALL_PATH = "$(HOME)/Library/Bundles";
				LIBRARY_SEARCH_PATHS = ../../XOPSupport/Xcode;
				LIBRARY_STYLE = Bundle;
				MACOSX_DEPLOYMENT_TARGET = "$(RECOMMENDED_MACOSX_DEPLOYMENT_TARGET)";
				OTHER_CFLAGS = "";
				OTHER_LDFLAGS = "";
				OTHER_REZFLAGS = "-i ../../XOPSupport";
				PRODUCT_BUNDLE_IDENTIFIER = "com.wavemetrics.xop.ATTPCUtil-64";
				PRODUCT_NAME = "ATTPCUtil-64";
				SECTORDER_FLAGS = "";
				WARNING_CFLAGS = "-Wno-parentheses";
				WRAPPER_EXTENSION = xop;
				ZERO_LINK = NO;
			};
			name = Debug;
		};
		892B4D0C1986E0B90092D00C /* Release */ = {
			isa = XCBuildConfiguration;
			buildSettings = {
				ARCHS = x86_64;
				CLANG_ENABLE_OBJC_WEAK = YES;
				COMBINE_HIDPI_IMAGES = YES;
				COPY_PHASE_STRIP = YES;
				EXPORTED_SYMBOLS_FILE = ./Exports.exp;
				FRAMEWORK_SEARCH_PATHS = "";
				GCC_ENABLE_TRIGRAPHS = NO;
				GCC_GENERATE_DEBUGGING_SYMBOLS = NO;
				GCC_PRECOMPILE_PREFIX_HEADER = YES;
				GCC_PREFIX_HEADER = ATTPCUtil_Prefix.pch;
				GCC_WARN_ABOUT_DEPRECATED_FUNCTIONS = NO;
				GCC_WARN_ABOUT_MISSING_PROTOTYPES = NO;
				GCC_WARN_FOUR_CHARACTER_CONSTANTS = NO;
				GCC_WARN_UNKNOWN_PRAGMAS = NO;
				GENERATE_PKGINFO = YES;
				HEADER_SEARCH_PATHS = ../../XOPSupport;
				INFOPLIST_FILE = Info64.plist;
				INSTALL_PATH = "$(HOME)/Library/Bundles";
				LIBRARY_SEARCH_PATHS = ../../XOPSupport/Xcode;
				LIBRARY_STYLE = Bundle;
				MACOSX_DEPLOYMENT_TARGET = "$(RECOMMENDED_MACOSX_DEPLOYMENT_TARGET)";
				OTHER_CFLAGS = "";
				OTHER_LDFLAGS = "";
				OTHER_REZFLAGS = "-i ../../XOPSupport";
				PRODUCT_BUNDLE_IDENTIFIER = "com.wavemetrics.xop.ATTPCUtil-64";
				PRODUCT_NAME = "ATTPCUtil-64";
				SECTORDER_FLAGS = "";
				WARNING_CFLAGS = "-Wno-parentheses";
				WRAPPER_EXTENSION = xop;
				ZERO_LINK = NO;
			};
			name = Release;
		};
		892B4D0D1986E0B90092D00C /* Default */ = {
			isa = XCBuildConfiguration;
			buildSettings = {
				ARCHS = x86_64;
				CLANG_ENABLE_OBJC_WEAK = YES;
				COMBINE_HIDPI_IMAGES = YES;
				EXPORTED_SYMBOLS_FILE = ./Exports.exp;
				FRAMEWORK_SEARCH_PATHS = "";
				GCC_ENABLE_TRIGRAPHS = NO;
				GCC_GENERATE_DEBUGGING_SYMBOLS = NO;
				GCC_PRECOMPILE_PREFIX_HEADER = YES;
				GCC_PREFIX_HEADER = ATTPCUtil_Prefix.pch;
				GCC_WARN_ABOUT_DEPRECATED_FUNCTIONS = NO;
				GCC_WARN_ABOUT_MISSING_PROTOTYPES = NO;
				GCC_WARN_FOUR_CHARACTER_CONSTANTS = NO;
				GCC_WARN_UNKNOWN_PRAGMAS = NO;
				GENERATE_PKGINFO = YES;
				HEADER_SEARCH_PATHS = ../../XOPSupport;
				INFOPLIST_FILE = Info64.plist;
				INSTALL_PATH = "$(HOME)/Library/Bundles";
				LIBRARY_SEARCH_PATHS = ../../XOPSupport/Xcode;
				LIBRARY_STYLE = Bundle;
				MACOSX_DEPLOYMENT_TARGET = "$(RECOMMENDED_MACOSX_DEPLOYMENT_TARGET)";
				OTHER_CFLAGS = "";
				OTHER_LDFLAGS = "";
				OTHER_REZFLAGS = "-i ../../XOPSupport";
				PRODUCT_BUNDLE_IDENTIFIER = "com.wavemetrics.xop.ATTPCUtil-64";
				PRODUCT_NAME = "ATTPCUtil-64";
				SECTORDER_FLAGS = "";
				WARNING_CFLAGS = "-Wno-parentheses";
				WRAPPER_EXTENSION = xop;
				ZERO_LINK = NO;
			};
			name = Default;
		};
/* End XCBuildConfiguration section */

/* Begin XCConfigurationList section */
		89155228093FB1640062870E /* Build configuration list for PBXProject "ATTPCUtil" */ = {
			isa = XCConfigurationList;
			buildConfigurations = (
				89155229093FB1640062870E /* Debug */,
				8915522A093FB1640062870E /* Release */,
				8915522B093FB1640062870E /* Default */,
			);
			defaultConfigurationIsVisible = 0;
			defaultConfigurationName = Default;
		};
		892B4D0A1986E0B90092D00C /* Build configuration list for PBXNativeTarget "ATTPCUtil-64" */ = {
			isa = XCConfigurationList;
			buildConfigurations = (
				892B4D0B1986E0B90092D00C /* Debug */,
				892B4D0C1986E0B90092D00C /* Release */,
				892B4D0D1986E0B90092D00C /* Default */,
			);
			defaultConfigurationIsVisible = 0;
			defaultConfigurationName = Default;
		};
/* End XCConfigurationList section */
	};
	rootObject = 089C1669FE841209C02AAC07 /* Project object */;
}
